// !$*UTF8*$!
{
	archiveVersion = 1;
	classes = {
	};
	objectVersion = 46;
	objects = {

/* Begin PBXBuildFile section */
		4486902D1DCA5E4300FA6A57 /* AppDelegate.swift in Sources */ = {isa = PBXBuildFile; fileRef = 4486902C1DCA5E4300FA6A57 /* AppDelegate.swift */; };
		4486902F1DCA5E4300FA6A57 /* ViewController.swift in Sources */ = {isa = PBXBuildFile; fileRef = 4486902E1DCA5E4300FA6A57 /* ViewController.swift */; };
		448690321DCA5E4300FA6A57 /* Main.storyboard in Resources */ = {isa = PBXBuildFile; fileRef = 448690301DCA5E4300FA6A57 /* Main.storyboard */; };
		448690341DCA5E4300FA6A57 /* Assets.xcassets in Resources */ = {isa = PBXBuildFile; fileRef = 448690331DCA5E4300FA6A57 /* Assets.xcassets */; };
		448690371DCA5E4300FA6A57 /* LaunchScreen.storyboard in Resources */ = {isa = PBXBuildFile; fileRef = 448690351DCA5E4300FA6A57 /* LaunchScreen.storyboard */; };
		4486903F1DCA5EAF00FA6A57 /* AView.swift in Sources */ = {isa = PBXBuildFile; fileRef = 4486903E1DCA5EAF00FA6A57 /* AView.swift */; };
		448690411DCA5EB800FA6A57 /* BView.swift in Sources */ = {isa = PBXBuildFile; fileRef = 448690401DCA5EB800FA6A57 /* BView.swift */; };
/* End PBXBuildFile section */

/* Begin PBXFileReference section */
		448690291DCA5E4300FA6A57 /* DelegateProtocolExp.app */ = {isa = PBXFileReference; explicitFileType = wrapper.application; includeInIndex = 0; path = DelegateProtocolExp.app; sourceTree = BUILT_PRODUCTS_DIR; };
		4486902C1DCA5E4300FA6A57 /* AppDelegate.swift */ = {isa = PBXFileReference; lastKnownFileType = sourcecode.swift; path = AppDelegate.swift; sourceTree = "<group>"; };
		4486902E1DCA5E4300FA6A57 /* ViewController.swift */ = {isa = PBXFileReference; lastKnownFileType = sourcecode.swift; path = ViewController.swift; sourceTree = "<group>"; };
		448690311DCA5E4300FA6A57 /* Base */ = {isa = PBXFileReference; lastKnownFileType = file.storyboard; name = Base; path = Base.lproj/Main.storyboard; sourceTree = "<group>"; };
		448690331DCA5E4300FA6A57 /* Assets.xcassets */ = {isa = PBXFileReference; lastKnownFileType = folder.assetcatalog; path = Assets.xcassets; sourceTree = "<group>"; };
		448690361DCA5E4300FA6A57 /* Base */ = {isa = PBXFileReference; lastKnownFileType = file.storyboard; name = Base; path = Base.lproj/LaunchScreen.storyboard; sourceTree = "<group>"; };
		448690381DCA5E4300FA6A57 /* Info.plist */ = {isa = PBXFileReference; lastKnownFileType = text.plist.xml; path = Info.plist; sourceTree = "<group>"; };
		4486903E1DCA5EAF00FA6A57 /* AView.swift */ = {isa = PBXFileReference; fileEncoding = 4; lastKnownFileType = sourcecode.swift; path = AView.swift; sourceTree = "<group>"; };
		448690401DCA5EB800FA6A57 /* BView.swift */ = {isa = PBXFileReference; fileEncoding = 4; lastKnownFileType = sourcecode.swift; path = BView.swift; sourceTree = "<group>"; };
/* End PBXFileReference section */

/* Begin PBXFrameworksBuildPhase section */
		448690261DCA5E4300FA6A57 /* Frameworks */ = {
			isa = PBXFrameworksBuildPhase;
			buildActionMask = 2147483647;
			files = (
			);
			runOnlyForDeploymentPostprocessing = 0;
		};
/* End PBXFrameworksBuildPhase section */

/* Begin PBXGroup section */
		448690201DCA5E4300FA6A57 = {
			isa = PBXGroup;
			children = (
				4486902B1DCA5E4300FA6A57 /* DelegateProtocolExp */,
				4486902A1DCA5E4300FA6A57 /* Products */,
			);
			sourceTree = "<group>";
		};
		4486902A1DCA5E4300FA6A57 /* Products */ = {
			isa = PBXGroup;
			children = (
				448690291DCA5E4300FA6A57 /* DelegateProtocolExp.app */,
			);
			name = Products;
			sourceTree = "<group>";
		};
		4486902B1DCA5E4300FA6A57 /* DelegateProtocolExp */ = {
			isa = PBXGroup;
			children = (
				4486902C1DCA5E4300FA6A57 /* AppDelegate.swift */,
				4486902E1DCA5E4300FA6A57 /* ViewController.swift */,
				448690301DCA5E4300FA6A57 /* Main.storyboard */,
				448690331DCA5E4300FA6A57 /* Assets.xcassets */,
				448690351DCA5E4300FA6A57 /* LaunchScreen.storyboard */,
				448690381DCA5E4300FA6A57 /* Info.plist */,
				4486903E1DCA5EAF00FA6A57 /* AView.swift */,
				448690401DCA5EB800FA6A57 /* BView.swift */,
			);
			path = DelegateProtocolExp;
			sourceTree = "<group>";
		};
/* End PBXGroup section */

/* Begin PBXNativeTarget section */
		448690281DCA5E4300FA6A57 /* DelegateProtocolExp */ = {
			isa = PBXNativeTarget;
			buildConfigurationList = 4486903B1DCA5E4300FA6A57 /* Build configuration list for PBXNativeTarget "DelegateProtocolExp" */;
			buildPhases = (
				448690251DCA5E4300FA6A57 /* Sources */,
				448690261DCA5E4300FA6A57 /* Frameworks */,
				448690271DCA5E4300FA6A57 /* Resources */,
			);
			buildRules = (
			);
			dependencies = (
			);
			name = DelegateProtocolExp;
			productName = DelegateProtocolExp;
			productReference = 448690291DCA5E4300FA6A57 /* DelegateProtocolExp.app */;
			productType = "com.apple.product-type.application";
		};
/* End PBXNativeTarget section */

/* Begin PBXProject section */
		448690211DCA5E4300FA6A57 /* Project object */ = {
			isa = PBXProject;
			attributes = {
				LastSwiftUpdateCheck = 0810;
				LastUpgradeCheck = 0810;
				ORGANIZATIONNAME = Coderschool;
				TargetAttributes = {
					448690281DCA5E4300FA6A57 = {
						CreatedOnToolsVersion = 8.1;
						DevelopmentTeam = P362UPJSK6;
						ProvisioningStyle = Automatic;
					};
				};
			};
			buildConfigurationList = 448690241DCA5E4300FA6A57 /* Build configuration list for PBXProject "DelegateProtocolExp" */;
			compatibilityVersion = "Xcode 3.2";
			developmentRegion = English;
			hasScannedForEncodings = 0;
			knownRegions = (
				en,
				Base,
			);
			mainGroup = 448690201DCA5E4300FA6A57;
			productRefGroup = 4486902A1DCA5E4300FA6A57 /* Products */;
			projectDirPath = "";
			projectRoot = "";
			targets = (
				448690281DCA5E4300FA6A57 /* DelegateProtocolExp */,
			);
		};
/* End PBXProject section */

/* Begin PBXResourcesBuildPhase section */
		448690271DCA5E4300FA6A57 /* Resources */ = {
			isa = PBXResourcesBuildPhase;
			buildActionMask = 2147483647;
			files = (
				448690371DCA5E4300FA6A57 /* LaunchScreen.storyboard in Resources */,
				448690341DCA5E4300FA6A57 /* Assets.xcassets in Resources */,
				448690321DCA5E4300FA6A57 /* Main.storyboard in Resources */,
			);
			runOnlyForDeploymentPostprocessing = 0;
		};
/* End PBXResourcesBuildPhase section */

/* Begin PBXSourcesBuildPhase section */
		448690251DCA5E4300FA6A57 /* Sources */ = {
			isa = PBXSourcesBuildPhase;
			buildActionMask = 2147483647;
			files = (
				4486903F1DCA5EAF00FA6A57 /* AView.swift in Sources */,
				4486902F1DCA5E4300FA6A57 /* ViewController.swift in Sources */,
				4486902D1DCA5E4300FA6A57 /* AppDelegate.swift in Sources */,
				448690411DCA5EB800FA6A57 /* BView.swift in Sources */,
			);
			runOnlyForDeploymentPostprocessing = 0;
		};
/* End PBXSourcesBuildPhase section */

/* Begin PBXVariantGroup section */
		448690301DCA5E4300FA6A57 /* Main.storyboard */ = {
			isa = PBXVariantGroup;
			children = (
				448690311DCA5E4300FA6A57 /* Base */,
			);
			name = Main.storyboard;
			sourceTree = "<group>";
		};
		448690351DCA5E4300FA6A57 /* LaunchScreen.storyboard */ = {
			isa = PBXVariantGroup;
			children = (
				448690361DCA5E4300FA6A57 /* Base */,
			);
			name = LaunchScreen.storyboard;
			sourceTree = "<group>";
		};
/* End PBXVariantGroup section */

/* Begin XCBuildConfiguration section */
		448690391DCA5E4300FA6A57 /* Debug */ = {
			isa = XCBuildConfiguration;
			buildSettings = {
				ALWAYS_SEARCH_USER_PATHS = NO;
				CLANG_ANALYZER_NONNULL = YES;
				CLANG_CXX_LANGUAGE_STANDARD = "gnu++0x";
				CLANG_CXX_LIBRARY = "libc++";
				CLANG_ENABLE_MODULES = YES;
				CLANG_ENABLE_OBJC_ARC = YES;
				CLANG_WARN_BOOL_CONVERSION = YES;
				CLANG_WARN_CONSTANT_CONVERSION = YES;
				CLANG_WARN_DIRECT_OBJC_ISA_USAGE = YES_ERROR;
				CLANG_WARN_DOCUMENTATION_COMMENTS = YES;
				CLANG_WARN_EMPTY_BODY = YES;
				CLANG_WARN_ENUM_CONVERSION = YES;
				CLANG_WARN_INFINITE_RECURSION = YES;
				CLANG_WARN_INT_CONVERSION = YES;
				CLANG_WARN_OBJC_ROOT_CLASS = YES_ERROR;
				CLANG_WARN_SUSPICIOUS_MOVES = YES;
				CLANG_WARN_UNREACHABLE_CODE = YES;
				CLANG_WARN__DUPLICATE_METHOD_MATCH = YES;
				"CODE_SIGN_IDENTITY[sdk=iphoneos*]" = "iPhone Developer";
				COPY_PHASE_STRIP = NO;
				DEBUG_INFORMATION_FORMAT = dwarf;
				ENABLE_STRICT_OBJC_MSGSEND = YES;
				ENABLE_TESTABILITY = YES;
				GCC_C_LANGUAGE_STANDARD = gnu99;
				GCC_DYNAMIC_NO_PIC = NO;
				GCC_NO_COMMON_BLOCKS = YES;
				GCC_OPTIMIZATION_LEVEL = 0;
				GCC_PREPROCESSOR_DEFINITIONS = (
					"DEBUG=1",
					"$(inherited)",
				);
				GCC_WARN_64_TO_32_BIT_CONVERSION = YES;
				GCC_WARN_ABOUT_RETURN_TYPE = YES_ERROR;
				GCC_WARN_UNDECLARED_SELECTOR = YES;
				GCC_WARN_UNINITIALIZED_AUTOS = YES_AGGRESSIVE;
				GCC_WARN_UNUSED_FUNCTION = YES;
				GCC_WARN_UNUSED_VARIABLE = YES;
				IPHONEOS_DEPLOYMENT_TARGET = 9.0;
				MTL_ENABLE_DEBUG_INFO = YES;
				ONLY_ACTIVE_ARCH = YES;
				SDKROOT = iphoneos;
				SWIFT_ACTIVE_COMPILATION_CONDITIONS = DEBUG;
				SWIFT_OPTIMIZATION_LEVEL = "-Onone";
			};
			name = Debug;
		};
		4486903A1DCA5E4300FA6A57 /* Release */ = {
			isa = XCBuildConfiguration;
			buildSettings = {
				ALWAYS_SEARCH_USER_PATHS = NO;
				CLANG_ANALYZER_NONNULL = YES;
				CLANG_CXX_LANGUAGE_STANDARD = "gnu++0x";
				CLANG_CXX_LIBRARY = "libc++";
				CLANG_ENABLE_MODULES = YES;
				CLANG_ENABLE_OBJC_ARC = YES;
				CLANG_WARN_BOOL_CONVERSION = YES;
				CLANG_WARN_CONSTANT_CONVERSION = YES;
				CLANG_WARN_DIRECT_OBJC_ISA_USAGE = YES_ERROR;
				CLANG_WARN_DOCUMENTATION_COMMENTS = YES;
				CLANG_WARN_EMPTY_BODY = YES;
				CLANG_WARN_ENUM_CONVERSION = YES;
				CLANG_WARN_INFINITE_RECURSION = YES;
				CLANG_WARN_INT_CONVERSION = YES;
				CLANG_WARN_OBJC_ROOT_CLASS = YES_ERROR;
				CLANG_WARN_SUSPICIOUS_MOVES = YES;
				CLANG_WARN_UNREACHABLE_CODE = YES;
				CLANG_WARN__DUPLICATE_METHOD_MATCH = YES;
				"CODE_SIGN_IDENTITY[sdk=iphoneos*]" = "iPhone Developer";
				COPY_PHASE_STRIP = NO;
				DEBUG_INFORMATION_FORMAT = "dwarf-with-dsym";
				ENABLE_NS_ASSERTIONS = NO;
				ENABLE_STRICT_OBJC_MSGSEND = YES;
				GCC_C_LANGUAGE_STANDARD = gnu99;
				GCC_NO_COMMON_BLOCKS = YES;
				GCC_WARN_64_TO_32_BIT_CONVERSION = YES;
				GCC_WARN_ABOUT_RETURN_TYPE = YES_ERROR;
				GCC_WARN_UNDECLARED_SELECTOR = YES;
				GCC_WARN_UNINITIALIZED_AUTOS = YES_AGGRESSIVE;
				GCC_WARN_UNUSED_FUNCTION = YES;
				GCC_WARN_UNUSED_VARIABLE = YES;
				IPHONEOS_DEPLOYMENT_TARGET = 9.0;
				MTL_ENABLE_DEBUG_INFO = NO;
				SDKROOT = iphoneos;
				SWIFT_OPTIMIZATION_LEVEL = "-Owholemodule";
				VALIDATE_PRODUCT = YES;
			};
			name = Release;
		};
		4486903C1DCA5E4300FA6A57 /* Debug */ = {
			isa = XCBuildConfiguration;
			buildSettings = {
				ASSETCATALOG_COMPILER_APPICON_NAME = AppIcon;
				DEVELOPMENT_TEAM = P362UPJSK6;
				INFOPLIST_FILE = DelegateProtocolExp/Info.plist;
				LD_RUNPATH_SEARCH_PATHS = "$(inherited) @executable_path/Frameworks";
				PRODUCT_BUNDLE_IDENTIFIER = com.coderschool.DelegateProtocolExp;
				PRODUCT_NAME = "$(TARGET_NAME)";
				SWIFT_VERSION = 3.0;
			};
			name = Debug;
		};
		4486903D1DCA5E4300FA6A57 /* Release */ = {
			isa = XCBuildConfiguration;
			buildSettings = {
				ASSETCATALOG_COMPILER_APPICON_NAME = AppIcon;
				DEVELOPMENT_TEAM = P362UPJSK6;
				INFOPLIST_FILE = DelegateProtocolExp/Info.plist;
				LD_RUNPATH_SEARCH_PATHS = "$(inherited) @executable_path/Frameworks";
				PRODUCT_BUNDLE_IDENTIFIER = com.coderschool.DelegateProtocolExp;
				PRODUCT_NAME = "$(TARGET_NAME)";
				SWIFT_VERSION = 3.0;
			};
			name = Release;
		};
/* End XCBuildConfiguration section */

/* Begin XCConfigurationList section */
		448690241DCA5E4300FA6A57 /* Build configuration list for PBXProject "DelegateProtocolExp" */ = {
			isa = XCConfigurationList;
			buildConfigurations = (
				448690391DCA5E4300FA6A57 /* Debug */,
				4486903A1DCA5E4300FA6A57 /* Release */,
			);
			defaultConfigurationIsVisible = 0;
			defaultConfigurationName = Release;
		};
		4486903B1DCA5E4300FA6A57 /* Build configuration list for PBXNativeTarget "DelegateProtocolExp" */ = {
			isa = XCConfigurationList;
			buildConfigurations = (
				4486903C1DCA5E4300FA6A57 /* Debug */,
				4486903D1DCA5E4300FA6A57 /* Release */,
			);
			defaultConfigurationIsVisible = 0;
			defaultConfigurationName = Release;
		};
/* End XCConfigurationList section */
	};
	rootObject = 448690211DCA5E4300FA6A57 /* Project object */;
}
